lockfileVersion: '9.0'

settings:
  autoInstallPeers: true
  excludeLinksFromLockfile: false

importers:

  .:
    devDependencies:
      '@logux/oxc-configs':
        specifier: ^0.2.2
        version: 0.2.2(oxlint-tsgolint@0.18.1)(oxlint@1.58.0(oxlint-tsgolint@0.18.1))(typescript@6.0.2)
      '@size-limit/preset-small-lib':
        specifier: ^12.0.1
        version: 12.0.1(size-limit@12.0.1(jiti@2.4.2))
      '@types/jsdom':
        specifier: ^28.0.1
        version: 28.0.1
      '@types/node':
        specifier: ^25.5.0
        version: 25.5.0
      actions-up:
        specifier: ^1.12.0
        version: 1.12.0
      better-node-test:
        specifier: ^0.8.4
        version: 0.8.4
      check-dts:
        specifier: ^1.0.0
        version: 1.0.0(typescript@6.0.2)
      clean-publish:
        specifier: ^6.0.5
        version: 6.0.5
      jsdom:
        specifier: ^29.0.1
        version: 29.0.1
      nanostores:
        specifier: ^1.2.0
        version: 1.2.0
      oxlint:
        specifier: ^1.58.0
        version: 1.58.0(oxlint-tsgolint@0.18.1)
      oxlint-tsgolint:
        specifier: ^0.18.1
        version: 0.18.1
      size-limit:
        specifier: ^12.0.1
        version: 12.0.1(jiti@2.4.2)
      tsx:
        specifier: ^4.21.0
        version: 4.21.0
      typescript:
        specifier: ^6.0.2
        version: 6.0.2

packages:

  '@asamuzakjp/css-color@5.1.1':
    resolution: {integrity: sha512-iGWN8E45Ws0XWx3D44Q1t6vX2LqhCKcwfmwBYCDsFrYFS6m4q/Ks61L2veETaLv+ckDC6+dTETJoaAAb7VjLiw==}
    engines: {node: ^20.19.0 || ^22.12.0 || >=24.0.0}

  '@asamuzakjp/dom-selector@7.0.4':
    resolution: {integrity: sha512-jXR6x4AcT3eIrS2fSNAwJpwirOkGcd+E7F7CP3zjdTqz9B/2huHOL8YJZBgekKwLML+u7qB/6P1LXQuMScsx0w==}
    engines: {node: ^20.19.0 || ^22.12.0 || >=24.0.0}

  '@asamuzakjp/nwsapi@2.3.9':
    resolution: {integrity: sha512-n8GuYSrI9bF7FFZ/SjhwevlHc8xaVlb/7HmHelnc/PZXBD2ZR49NnN9sMMuDdEGPeeRQ5d0hqlSlEpgCX3Wl0Q==}

  '@bramus/specificity@2.4.2':
    resolution: {integrity: sha512-ctxtJ/eA+t+6q2++vj5j7FYX3nRu311q1wfYH3xjlLOsczhlhxAg2FWNUXhpGvAw3BWo1xBcvOV6/YLc2r5FJw==}
    hasBin: true

  '@csstools/color-helpers@6.0.2':
    resolution: {integrity: sha512-LMGQLS9EuADloEFkcTBR3BwV/CGHV7zyDxVRtVDTwdI2Ca4it0CCVTT9wCkxSgokjE5Ho41hEPgb8OEUwoXr6Q==}
    engines: {node: '>=20.19.0'}

  '@csstools/css-calc@3.1.1':
    resolution: {integrity: sha512-HJ26Z/vmsZQqs/o3a6bgKslXGFAungXGbinULZO3eMsOyNJHeBBZfup5FiZInOghgoM4Hwnmw+OgbJCNg1wwUQ==}
    engines: {node: '>=20.19.0'}
    peerDependencies:
      '@csstools/css-parser-algorithms': ^4.0.0
      '@csstools/css-tokenizer': ^4.0.0

  '@csstools/css-color-parser@4.0.2':
    resolution: {integrity: sha512-0GEfbBLmTFf0dJlpsNU7zwxRIH0/BGEMuXLTCvFYxuL1tNhqzTbtnFICyJLTNK4a+RechKP75e7w42ClXSnJQw==}
    engines: {node: '>=20.19.0'}
    peerDependencies:
      '@csstools/css-parser-algorithms': ^4.0.0
      '@csstools/css-tokenizer': ^4.0.0

  '@csstools/css-parser-algorithms@4.0.0':
    resolution: {integrity: sha512-+B87qS7fIG3L5h3qwJ/IFbjoVoOe/bpOdh9hAjXbvx0o8ImEmUsGXN0inFOnk2ChCFgqkkGFQ+TpM5rbhkKe4w==}
    engines: {node: '>=20.19.0'}
    peerDependencies:
      '@csstools/css-tokenizer': ^4.0.0

  '@csstools/css-syntax-patches-for-csstree@1.1.2':
    resolution: {integrity: sha512-5GkLzz4prTIpoyeUiIu3iV6CSG3Plo7xRVOFPKI7FVEJ3mZ0A8SwK0XU3Gl7xAkiQ+mDyam+NNp875/C5y+jSA==}
    peerDependencies:
      css-tree: ^3.2.1
    peerDependenciesMeta:
      css-tree:
        optional: true

  '@csstools/css-tokenizer@4.0.0':
    resolution: {integrity: sha512-QxULHAm7cNu72w97JUNCBFODFaXpbDg+dP8b/oWFAZ2MTRppA3U00Y2L1HqaS4J6yBqxwa/Y3nMBaxVKbB/NsA==}
    engines: {node: '>=20.19.0'}

  '@esbuild/aix-ppc64@0.27.4':
    resolution: {integrity: sha512-cQPwL2mp2nSmHHJlCyoXgHGhbEPMrEEU5xhkcy3Hs/O7nGZqEpZ2sUtLaL9MORLtDfRvVl2/3PAuEkYZH0Ty8Q==}
    engines: {node: '>=18'}
    cpu: [ppc64]
    os: [aix]

  '@esbuild/android-arm64@0.27.4':
    resolution: {integrity: sha512-gdLscB7v75wRfu7QSm/zg6Rx29VLdy9eTr2t44sfTW7CxwAtQghZ4ZnqHk3/ogz7xao0QAgrkradbBzcqFPasw==}
    engines: {node: '>=18'}
    cpu: [arm64]
    os: [android]

  '@esbuild/android-arm@0.27.4':
    resolution: {integrity: sha512-X9bUgvxiC8CHAGKYufLIHGXPJWnr0OCdR0anD2e21vdvgCI8lIfqFbnoeOz7lBjdrAGUhqLZLcQo6MLhTO2DKQ==}
    engines: {node: '>=18'}
    cpu: [arm]
    os: [android]

  '@esbuild/android-x64@0.27.4':
    resolution: {integrity: sha512-PzPFnBNVF292sfpfhiyiXCGSn9HZg5BcAz+ivBuSsl6Rk4ga1oEXAamhOXRFyMcjwr2DVtm40G65N3GLeH1Lvw==}
    engines: {node: '>=18'}
    cpu: [x64]
    os: [android]

  '@esbuild/darwin-arm64@0.27.4':
    resolution: {integrity: sha512-b7xaGIwdJlht8ZFCvMkpDN6uiSmnxxK56N2GDTMYPr2/gzvfdQN8rTfBsvVKmIVY/X7EM+/hJKEIbbHs9oA4tQ==}
    engines: {node: '>=18'}
    cpu: [arm64]
    os: [darwin]

  '@esbuild/darwin-x64@0.27.4':
    resolution: {integrity: sha512-sR+OiKLwd15nmCdqpXMnuJ9W2kpy0KigzqScqHI3Hqwr7IXxBp3Yva+yJwoqh7rE8V77tdoheRYataNKL4QrPw==}
    engines: {node: '>=18'}
    cpu: [x64]
    os: [darwin]

  '@esbuild/freebsd-arm64@0.27.4':
    resolution: {integrity: sha512-jnfpKe+p79tCnm4GVav68A7tUFeKQwQyLgESwEAUzyxk/TJr4QdGog9sqWNcUbr/bZt/O/HXouspuQDd9JxFSw==}
    engines: {node: '>=18'}
    cpu: [arm64]
    os: [freebsd]

  '@esbuild/freebsd-x64@0.27.4':
    resolution: {integrity: sha512-2kb4ceA/CpfUrIcTUl1wrP/9ad9Atrp5J94Lq69w7UwOMolPIGrfLSvAKJp0RTvkPPyn6CIWrNy13kyLikZRZQ==}
    engines: {node: '>=18'}
    cpu: [x64]
    os: [freebsd]

  '@esbuild/linux-arm64@0.27.4':
    resolution: {integrity: sha512-7nQOttdzVGth1iz57kxg9uCz57dxQLHWxopL6mYuYthohPKEK0vU0C3O21CcBK6KDlkYVcnDXY099HcCDXd9dA==}
    engines: {node: '>=18'}
    cpu: [arm64]
    os: [linux]

  '@esbuild/linux-arm@0.27.4':
    resolution: {integrity: sha512-aBYgcIxX/wd5n2ys0yESGeYMGF+pv6g0DhZr3G1ZG4jMfruU9Tl1i2Z+Wnj9/KjGz1lTLCcorqE2viePZqj4Eg==}
    engines: {node: '>=18'}
    cpu: [arm]
    os: [linux]

  '@esbuild/linux-ia32@0.27.4':
    resolution: {integrity: sha512-oPtixtAIzgvzYcKBQM/qZ3R+9TEUd1aNJQu0HhGyqtx6oS7qTpvjheIWBbes4+qu1bNlo2V4cbkISr8q6gRBFA==}
    engines: {node: '>=18'}
    cpu: [ia32]
    os: [linux]

  '@esbuild/linux-loong64@0.27.4':
    resolution: {integrity: sha512-8mL/vh8qeCoRcFH2nM8wm5uJP+ZcVYGGayMavi8GmRJjuI3g1v6Z7Ni0JJKAJW+m0EtUuARb6Lmp4hMjzCBWzA==}
    engines: {node: '>=18'}
    cpu: [loong64]
    os: [linux]

  '@esbuild/linux-mips64el@0.27.4':
    resolution: {integrity: sha512-1RdrWFFiiLIW7LQq9Q2NES+HiD4NyT8Itj9AUeCl0IVCA459WnPhREKgwrpaIfTOe+/2rdntisegiPWn/r/aAw==}
    engines: {node: '>=18'}
    cpu: [mips64el]
    os: [linux]

  '@esbuild/linux-ppc64@0.27.4':
    resolution: {integrity: sha512-tLCwNG47l3sd9lpfyx9LAGEGItCUeRCWeAx6x2Jmbav65nAwoPXfewtAdtbtit/pJFLUWOhpv0FpS6GQAmPrHA==}
    engines: {node: '>=18'}
    cpu: [ppc64]
    os: [linux]

  '@esbuild/linux-riscv64@0.27.4':
    resolution: {integrity: sha512-BnASypppbUWyqjd1KIpU4AUBiIhVr6YlHx/cnPgqEkNoVOhHg+YiSVxM1RLfiy4t9cAulbRGTNCKOcqHrEQLIw==}
    engines: {node: '>=18'}
    cpu: [riscv64]
    os: [linux]

  '@esbuild/linux-s390x@0.27.4':
    resolution: {integrity: sha512-+eUqgb/Z7vxVLezG8bVB9SfBie89gMueS+I0xYh2tJdw3vqA/0ImZJ2ROeWwVJN59ihBeZ7Tu92dF/5dy5FttA==}
    engines: {node: '>=18'}
    cpu: [s390x]
    os: [linux]

  '@esbuild/linux-x64@0.27.4':
    resolution: {integrity: sha512-S5qOXrKV8BQEzJPVxAwnryi2+Iq5pB40gTEIT69BQONqR7JH1EPIcQ/Uiv9mCnn05jff9umq/5nqzxlqTOg9NA==}
    engines: {node: '>=18'}
    cpu: [x64]
    os: [linux]

  '@esbuild/netbsd-arm64@0.27.4':
    resolution: {integrity: sha512-xHT8X4sb0GS8qTqiwzHqpY00C95DPAq7nAwX35Ie/s+LO9830hrMd3oX0ZMKLvy7vsonee73x0lmcdOVXFzd6Q==}
    engines: {node: '>=18'}
    cpu: [arm64]
    os: [netbsd]

  '@esbuild/netbsd-x64@0.27.4':
    resolution: {integrity: sha512-RugOvOdXfdyi5Tyv40kgQnI0byv66BFgAqjdgtAKqHoZTbTF2QqfQrFwa7cHEORJf6X2ht+l9ABLMP0dnKYsgg==}
    engines: {node: '>=18'}
    cpu: [x64]
    os: [netbsd]

  '@esbuild/openbsd-arm64@0.27.4':
    resolution: {integrity: sha512-2MyL3IAaTX+1/qP0O1SwskwcwCoOI4kV2IBX1xYnDDqthmq5ArrW94qSIKCAuRraMgPOmG0RDTA74mzYNQA9ow==}
    engines: {node: '>=18'}
    cpu: [arm64]
    os: [openbsd]

  '@esbuild/openbsd-x64@0.27.4':
    resolution: {integrity: sha512-u8fg/jQ5aQDfsnIV6+KwLOf1CmJnfu1ShpwqdwC0uA7ZPwFws55Ngc12vBdeUdnuWoQYx/SOQLGDcdlfXhYmXQ==}
    engines: {node: '>=18'}
    cpu: [x64]
    os: [openbsd]

  '@esbuild/openharmony-arm64@0.27.4':
    resolution: {integrity: sha512-JkTZrl6VbyO8lDQO3yv26nNr2RM2yZzNrNHEsj9bm6dOwwu9OYN28CjzZkH57bh4w0I2F7IodpQvUAEd1mbWXg==}
    engines: {node: '>=18'}
    cpu: [arm64]
    os: [openharmony]

  '@esbuild/sunos-x64@0.27.4':
    resolution: {integrity: sha512-/gOzgaewZJfeJTlsWhvUEmUG4tWEY2Spp5M20INYRg2ZKl9QPO3QEEgPeRtLjEWSW8FilRNacPOg8R1uaYkA6g==}
    engines: {node: '>=18'}
    cpu: [x64]
    os: [sunos]

  '@esbuild/win32-arm64@0.27.4':
    resolution: {integrity: sha512-Z9SExBg2y32smoDQdf1HRwHRt6vAHLXcxD2uGgO/v2jK7Y718Ix4ndsbNMU/+1Qiem9OiOdaqitioZwxivhXYg==}
    engines: {node: '>=18'}
    cpu: [arm64]
    os: [win32]

  '@esbuild/win32-ia32@0.27.4':
    resolution: {integrity: sha512-DAyGLS0Jz5G5iixEbMHi5KdiApqHBWMGzTtMiJ72ZOLhbu/bzxgAe8Ue8CTS3n3HbIUHQz/L51yMdGMeoxXNJw==}
    engines: {node: '>=18'}
    cpu: [ia32]
    os: [win32]

  '@esbuild/win32-x64@0.27.4':
    resolution: {integrity: sha512-+knoa0BDoeXgkNvvV1vvbZX4+hizelrkwmGJBdT17t8FNPwG2lKemmuMZlmaNQ3ws3DKKCxpb4zRZEIp3UxFCg==}
    engines: {node: '>=18'}
    cpu: [x64]
    os: [win32]

  '@exodus/bytes@1.15.0':
    resolution: {integrity: sha512-UY0nlA+feH81UGSHv92sLEPLCeZFjXOuHhrIo0HQydScuQc8s0A7kL/UdgwgDq8g8ilksmuoF35YVTNphV2aBQ==}
    engines: {node: ^20.19.0 || ^22.12.0 || >=24.0.0}
    peerDependencies:
      '@noble/hashes': ^1.8.0 || ^2.0.0
    peerDependenciesMeta:
      '@noble/hashes':
        optional: true

  '@logux/oxc-configs@0.2.2':
    resolution: {integrity: sha512-tfToAscfwBA4QOcHDpqs3XItj9GLZ0+ABLXIlxNK08U1jjV0xi9LbAMfteLU2d0ym4djbhYCPsMyHdADrrl/IQ==}
    engines: {node: '>=22.0.0'}
    peerDependencies:
      oxlint: ^1.57.0
      oxlint-tsgolint: ^0.18.1
      typescript: ^6.0.2

  '@oxlint-tsgolint/darwin-arm64@0.18.1':
    resolution: {integrity: sha512-CxSd15ZwHn70UJFTXVvy76bZ9zwI097cVyjvUFmYRJwvkQF3VnrTf2oe1gomUacErksvtqLgn9OKvZhLMYwvog==}
    cpu: [arm64]
    os: [darwin]

  '@oxlint-tsgolint/darwin-x64@0.18.1':
    resolution: {integrity: sha512-LE7VW/T/VcKhl3Z1ev5BusrxdlQ3DWweSeOB+qpBeur2h8+vCWq+M7tCO29C7lveBDfx1+rNwj4aiUVlA+Qs+g==}
    cpu: [x64]
    os: [darwin]

  '@oxlint-tsgolint/linux-arm64@0.18.1':
    resolution: {integrity: sha512-2AG8YIXVJJbnM0rcsJmzzWOjZXBu5REwowgUpbHZueF7OYM3wR7Xu8pXEpAojEHAtYYZ3X4rpPoetomkJx7kCw==}
    cpu: [arm64]
    os: [linux]

  '@oxlint-tsgolint/linux-x64@0.18.1':
    resolution: {integrity: sha512-f8vDYPEdiwpA2JaDEkadTXfuqIgweQ8zcL4SX75EN2kkW2oAynjN7cd8m86uXDgB0JrcyOywbRtwnXdiIzXn2A==}
    cpu: [x64]
    os: [linux]

  '@oxlint-tsgolint/win32-arm64@0.18.1':
    resolution: {integrity: sha512-fBdML05KMDAL9ebWeoHIzkyI86Eq6r9YH5UDRuXJ9vAIo1EnKo0ti7hLUxNdc2dy2FF/T4k98p5wkkXvLyXqfA==}
    cpu: [arm64]
    os: [win32]

  '@oxlint-tsgolint/win32-x64@0.18.1':
    resolution: {integrity: sha512-cYZMhNrsq9ZZ3OUWHyawqiS+c8HfieYG0zuZP2LbEuWWPfdZM/22iAlo608J+27G1s9RXQhvgX6VekwWbXbD7A==}
    cpu: [x64]
    os: [win32]

  '@oxlint/binding-android-arm-eabi@1.58.0':
    resolution: {integrity: sha512-1T7UN3SsWWxpWyWGn1cT3ASNJOo+pI3eUkmEl7HgtowapcV8kslYpFQcYn431VuxghXakPNlbjRwhqmR37PFOg==}
    engines: {node: ^20.19.0 || >=22.12.0}
    cpu: [arm]
    os: [android]

  '@oxlint/binding-android-arm64@1.58.0':
    resolution: {integrity: sha512-GryzujxuiRv2YFF7bRy8mKcxlbuAN+euVUtGJt9KKbLT8JBUIosamVhcthLh+VEr6KE6cjeVMAQxKAzJcoN7dg==}
    engines: {node: ^20.19.0 || >=22.12.0}
    cpu: [arm64]
    os: [android]

  '@oxlint/binding-darwin-arm64@1.58.0':
    resolution: {integrity: sha512-7/bRSJIwl4GxeZL9rPZ11anNTyUO9epZrfEJH/ZMla3+/gbQ6xZixh9nOhsZ0QwsTW7/5J2A/fHbD1udC5DQQA==}
    engines: {node: ^20.19.0 || >=22.12.0}
    cpu: [arm64]
    os: [darwin]

  '@oxlint/binding-darwin-x64@1.58.0':
    resolution: {integrity: sha512-EqdtJSiHweS2vfILNrpyJ6HUwpEq2g7+4Zx1FPi4hu3Hu7tC3znF6ufbXO8Ub2LD4mGgznjI7kSdku9NDD1Mkg==}
    engines: {node: ^20.19.0 || >=22.12.0}
    cpu: [x64]
    os: [darwin]

  '@oxlint/binding-freebsd-x64@1.58.0':
    resolution: {integrity: sha512-VQt5TH4M42mY20F545G637RKxV/yjwVtKk2vfXuazfReSIiuvWBnv+FVSvIV5fKVTJNjt3GSJibh6JecbhGdBw==}
    engines: {node: ^20.19.0 || >=22.12.0}
    cpu: [x64]
    os: [freebsd]

  '@oxlint/binding-linux-arm-gnueabihf@1.58.0':
    resolution: {integrity: sha512-fBYcj4ucwpAtjJT3oeBdFBYKvNyjRSK+cyuvBOTQjh0jvKp4yeA4S/D0IsCHus/VPaNG5L48qQkh+Vjy3HL2/Q==}
    engines: {node: ^20.19.0 || >=22.12.0}
    cpu: [arm]
    os: [linux]

  '@oxlint/binding-linux-arm-musleabihf@1.58.0':
    resolution: {integrity: sha512-0BeuFfwlUHlJ1xpEdSD1YO3vByEFGPg36uLjK1JgFaxFb4W6w17F8ET8sz5cheZ4+x5f2xzdnRrrWv83E3Yd8g==}
    engines: {node: ^20.19.0 || >=22.12.0}
    cpu: [arm]
    os: [linux]

  '@oxlint/binding-linux-arm64-gnu@1.58.0':
    resolution: {integrity: sha512-TXlZgnPTlxrQzxG9ZXU7BNwx1Ilrr17P3GwZY0If2EzrinqRH3zXPc3HrRcBJgcsoZNMuNL5YivtkJYgp467UQ==}
    engines: {node: ^20.19.0 || >=22.12.0}
    cpu: [arm64]
    os: [linux]
    libc: [glibc]

  '@oxlint/binding-linux-arm64-musl@1.58.0':
    resolution: {integrity: sha512-zSoYRo5dxHLcUx93Stl2hW3hSNjPt99O70eRVWt5A1zwJ+FPjeCCANCD2a9R4JbHsdcl11TIQOjyigcRVOH2mw==}
    engines: {node: ^20.19.0 || >=22.12.0}
    cpu: [arm64]
    os: [linux]
    libc: [musl]

  '@oxlint/binding-linux-ppc64-gnu@1.58.0':
    resolution: {integrity: sha512-NQ0U/lqxH2/VxBYeAIvMNUK1y0a1bJ3ZicqkF2c6wfakbEciP9jvIE4yNzCFpZaqeIeRYaV7AVGqEO1yrfVPjA==}
    engines: {node: ^20.19.0 || >=22.12.0}
    cpu: [ppc64]
    os: [linux]
    libc: [glibc]

  '@oxlint/binding-linux-riscv64-gnu@1.58.0':
    resolution: {integrity: sha512-X9J+kr3gIC9FT8GuZt0ekzpNUtkBVzMVU4KiKDSlocyQuEgi3gBbXYN8UkQiV77FTusLDPsovjo95YedHr+3yg==}
    engines: {node: ^20.19.0 || >=22.12.0}
    cpu: [riscv64]
    os: [linux]
    libc: [glibc]

  '@oxlint/binding-linux-riscv64-musl@1.58.0':
    resolution: {integrity: sha512-CDze3pi1OO3Wvb/QsXjmLEY4XPKGM6kIo82ssNOgmcl1IdndF9VSGAE38YLhADWmOac7fjqhBw82LozuUVxD0Q==}
    engines: {node: ^20.19.0 || >=22.12.0}
    cpu: [riscv64]
    os: [linux]
    libc: [musl]

  '@oxlint/binding-linux-s390x-gnu@1.58.0':
    resolution: {integrity: sha512-b/89glbxFaEAcA6Uf1FvCNecBJEgcUTsV1quzrqXM/o4R1M4u+2KCVuyGCayN2UpsRWtGGLb+Ver0tBBpxaPog==}
    engines: {node: ^20.19.0 || >=22.12.0}
    cpu: [s390x]
    os: [linux]
    libc: [glibc]

  '@oxlint/binding-linux-x64-gnu@1.58.0':
    resolution: {integrity: sha512-0/yYpkq9VJFCEcuRlrViGj8pJUFFvNS4EkEREaN7CB1EcLXJIaVSSa5eCihwBGXtOZxhnblWgxks9juRdNQI7w==}
    engines: {node: ^20.19.0 || >=22.12.0}
    cpu: [x64]
    os: [linux]
    libc: [glibc]

  '@oxlint/binding-linux-x64-musl@1.58.0':
    resolution: {integrity: sha512-hr6FNvmcAXiH+JxSvaJ4SJ1HofkdqEElXICW9sm3/Rd5eC3t7kzvmLyRAB3NngKO2wzXRCAm4Z/mGWfrsS4X8w==}
    engines: {node: ^20.19.0 || >=22.12.0}
    cpu: [x64]
    os: [linux]
    libc: [musl]

  '@oxlint/binding-openharmony-arm64@1.58.0':
    resolution: {integrity: sha512-R+O368VXgRql1K6Xar+FEo7NEwfo13EibPMoTv3sesYQedRXd6m30Dh/7lZMxnrQVFfeo4EOfYIP4FpcgWQNHg==}
    engines: {node: ^20.19.0 || >=22.12.0}
    cpu: [arm64]
    os: [openharmony]

  '@oxlint/binding-win32-arm64-msvc@1.58.0':
    resolution: {integrity: sha512-Q0FZiAY/3c4YRj4z3h9K1PgaByrifrfbBoODSeX7gy97UtB7pySPUQfC2B/GbxWU6k7CzQrRy5gME10PltLAFQ==}
    engines: {node: ^20.19.0 || >=22.12.0}
    cpu: [arm64]
    os: [win32]

  '@oxlint/binding-win32-ia32-msvc@1.58.0':
    resolution: {integrity: sha512-Y8FKBABrSPp9H0QkRLHDHOSUgM/309a3IvOVgPcVxYcX70wxJrk608CuTg7w+C6vEd724X5wJoNkBcGYfH7nNQ==}
    engines: {node: ^20.19.0 || >=22.12.0}
    cpu: [ia32]
    os: [win32]

  '@oxlint/binding-win32-x64-msvc@1.58.0':
    resolution: {integrity: sha512-bCn5rbiz5My+Bj7M09sDcnqW0QJyINRVxdZ65x1/Y2tGrMwherwK/lpk+HRQCKvXa8pcaQdF5KY5j54VGZLwNg==}
    engines: {node: ^20.19.0 || >=22.12.0}
    cpu: [x64]
    os: [win32]

  '@size-limit/esbuild@12.0.1':
    resolution: {integrity: sha512-Z6km06//90REJ30+WmMWvngG9dZnY52z3bhGxkoOwyXaAwPuQgx6ZdD1edNDABXIZMatbeMejigBPNEl4OaFsQ==}
    engines: {node: ^20.0.0 || ^22.0.0 || >=24.0.0}
    peerDependencies:
      size-limit: 12.0.1

  '@size-limit/file@12.0.1':
    resolution: {integrity: sha512-Kvbnz46iV7WeHaANf1HmWjXBVMU2KkCU+0xJ78FzIjZwlVKKEqy+QCZprdBMfIWrzrvYeqP4cfuzKG8z6xVivg==}
    engines: {node: ^20.0.0 || ^22.0.0 || >=24.0.0}
    peerDependencies:
      size-limit: 12.0.1

  '@size-limit/preset-small-lib@12.0.1':
    resolution: {integrity: sha512-WqA87RAzGgYOWk0K7WPbgWKlT98eDf5I0DHFD+CNwOck+Cfcchp+rh3QQNTdW5WKDjSZLqGd+rK2ZSca7DPJCg==}
    peerDependencies:
      size-limit: 12.0.1

  '@types/jsdom@28.0.1':
    resolution: {integrity: sha512-GJq2QE4TAZ5ajSoCasn5DOFm8u1mI3tIFvM5tIq3W5U/RTB6gsHwc6Yhpl91X9VSDOUVblgXmG+2+sSvFQrdlw==}

  '@types/node@25.5.0':
    resolution: {integrity: sha512-jp2P3tQMSxWugkCUKLRPVUpGaL5MVFwF8RDuSRztfwgN1wmqJeMSbKlnEtQqU8UrhTmzEmZdu2I6v2dpp7XIxw==}

  '@types/tough-cookie@4.0.5':
    resolution: {integrity: sha512-/Ad8+nIOV7Rl++6f1BdKxFSMgmoqEoYbHRpPcx3JEfv8VRsQe9Z4mCXeJBzxs7mbHY/XOZZuXlRNfhpVPbs6ZA==}

  actions-up@1.12.0:
    resolution: {integrity: sha512-EFAv3XX3gfjfWhy5e6Kw1PpC0DrTSuK4e77xoS27hqcrjf92C+yCs05tIsBPGFZv8+EichF8HMTtimuMj2sv+A==}
    engines: {node: ^18.0.0 || >=20.0.0}
    hasBin: true

  ansi-colors@4.1.3:
    resolution: {integrity: sha512-/6w/C21Pm1A7aZitlI5Ni/2J6FFQN8i1Cvz3kHABAAbw93v/NlvKdVOqz7CCWz/3iv/JplRSEEZ83XION15ovw==}
    engines: {node: '>=6'}

  ansi-regex@5.0.1:
    resolution: {integrity: sha512-quJQXlTSUGL2LH9SUXo8VwsY4soanhgo6LNSm84E1LBcE8s3O0wpdiRzyR9z/ZZJMlMWv37qOOb9pdJlMUEKFQ==}
    engines: {node: '>=8'}

  better-node-test@0.8.4:
    resolution: {integrity: sha512-Abil6GxliznKjFTrIZa95y7W2siBXq+I74caB0UmiJ78G9SBXfu7vTnVN+y3DohR7gsxaz0UOqVwOf0OaFxFQw==}
    engines: {node: ^18.19.0 || ^20.0.0 || ^22.0.0 || >=24.0.0}
    hasBin: true

  bidi-js@1.0.3:
    resolution: {integrity: sha512-RKshQI1R3YQ+n9YJz2QQ147P66ELpa1FQEg20Dk8oW9t2KgLbpDLLp9aGZ7y8WHSshDknG0bknqGw5/tyCs5tw==}

  bytes-iec@3.1.1:
    resolution: {integrity: sha512-fey6+4jDK7TFtFg/klGSvNKJctyU7n2aQdnM+CO0ruLPbqqMOM8Tio0Pc+deqUeVKX1tL5DQep1zQ7+37aTAsA==}
    engines: {node: '>= 0.8'}

  cac@6.7.14:
    resolution: {integrity: sha512-b6Ilus+c3RrdDk+JhLKUAQfzzgLEPy6wcXqS7f/xe1EETvsDP6GORG7SFuOs6cID5YkqchW/LXZbX5bc8j7ZcQ==}
    engines: {node: '>=8'}

  check-dts@1.0.0:
    resolution: {integrity: sha512-jnWMKAwH8v+PEEUTLLNTpXcZztSjkdJRt6Jl2L8NQ40/A5fenw6FeKzNXNA7uo99bifClgKiZgfZV8LE870zcQ==}
    engines: {node: '>=22.16.0'}
    hasBin: true
    peerDependencies:
      typescript: '>=4.0.0'

  clean-publish@6.0.5:
    resolution: {integrity: sha512-Iqm/EDPQFLY0I8kktg61Nt8V/5fiXYNkNR5UsHcLKmj4vp7a0a7EGZmNEbN2Hg77frQlHNljT/MruK5Wr/Rtog==}
    engines: {node: '>= 20.0.0'}
    hasBin: true

  css-tree@3.2.1:
    resolution: {integrity: sha512-X7sjQzceUhu1u7Y/ylrRZFU2FS6LRiFVp6rKLPg23y3x3c3DOKAwuXGDp+PAGjh6CSnCjYeAul8pcT8bAl+lSA==}
    engines: {node: ^10 || ^12.20.0 || ^14.13.0 || >=15.0.0}

  data-urls@7.0.0:
    resolution: {integrity: sha512-23XHcCF+coGYevirZceTVD7NdJOqVn+49IHyxgszm+JIiHLoB2TkmPtsYkNWT1pvRSGkc35L6NHs0yHkN2SumA==}
    engines: {node: ^20.19.0 || ^22.12.0 || >=24.0.0}

  decimal.js@10.6.0:
    resolution: {integrity: sha512-YpgQiITW3JXGntzdUmyUR1V812Hn8T1YVXhCu+wO3OpS4eU9l4YdD3qjyiKdV6mvV29zapkMeD390UVEf2lkUg==}

  enquirer@2.4.1:
    resolution: {integrity: sha512-rRqJg/6gd538VHvR3PSrdRBb/1Vy2YfzHqzvbhGIQpDRKIa4FgV/54b5Q1xYSxOOwKvjXweS26E0Q+nAMwp2pQ==}
    engines: {node: '>=8.6'}

  entities@6.0.1:
    resolution: {integrity: sha512-aN97NXWF6AWBTahfVOIrB/NShkzi5H7F9r1s9mD3cDj4Ko5f2qhhVoYMibXF7GlLveb/D2ioWay8lxI97Ven3g==}
    engines: {node: '>=0.12'}

  esbuild@0.27.4:
    resolution: {integrity: sha512-Rq4vbHnYkK5fws5NF7MYTU68FPRE1ajX7heQ/8QXXWqNgqqJ/GkmmyxIzUnf2Sr/bakf8l54716CcMGHYhMrrQ==}
    engines: {node: '>=18'}
    hasBin: true

  eslint-plugin-prefer-let@4.2.2:
    resolution: {integrity: sha512-FkCmQwZtc4nf6EKDKEYW/lWtApDXxsJA/VXWQQemLhIWWho676CJdgt53AMubOrSOTzzep0dBMP9zVFCCCdxsw==}
    engines: {node: '>=0.10.0'}

  fdir@6.5.0:
    resolution: {integrity: sha512-tIbYtZbucOs0BRGqPJkshJUYdL+SDH7dVM8gjy+ERp3WAUjLEFJE+02kanyHtwjWOnwrKYBiwAmM0p4kLJAnXg==}
    engines: {node: '>=12.0.0'}
    peerDependencies:
      picomatch: ^3 || ^4
    peerDependenciesMeta:
      picomatch:
        optional: true

  fsevents@2.3.3:
    resolution: {integrity: sha512-5xoDfX+fL7faATnagmWPpbFtwh/R77WmMMqqHGS65C3vvB0YHrgF+B1YmZ3441tMj5n63k0212XNoJwzlhffQw==}
    engines: {node: ^8.16.0 || ^10.6.0 || >=11.0.0}
    os: [darwin]

  get-tsconfig@4.13.7:
    resolution: {integrity: sha512-7tN6rFgBlMgpBML5j8typ92BKFi2sFQvIdpAqLA2beia5avZDrMs0FLZiM5etShWq5irVyGcGMEA1jcDaK7A/Q==}

  html-encoding-sniffer@6.0.0:
    resolution: {integrity: sha512-CV9TW3Y3f8/wT0BRFc1/KAVQ3TUHiXmaAb6VW9vtiMFf7SLoMd1PdAc4W3KFOFETBJUb90KatHqlsZMWV+R9Gg==}
    engines: {node: ^20.19.0 || ^22.12.0 || >=24.0.0}

  is-potential-custom-element-name@1.0.1:
    resolution: {integrity: sha512-bCYeRA2rVibKZd+s2625gGnGF/t7DSqDs4dP7CrLA1m7jKWz6pps0LpYLJN8Q64HtmPKJ1hrN3nzPNKFEKOUiQ==}

  jiti@2.4.2:
    resolution: {integrity: sha512-rg9zJN+G4n2nfJl5MW3BMygZX56zKPNVEYYqq7adpmMh4Jn2QNEwhvQlFy6jPVdcod7txZtKHWnyZiA3a0zP7A==}
    hasBin: true

  jsdom@29.0.1:
    resolution: {integrity: sha512-z6JOK5gRO7aMybVq/y/MlIpKh8JIi68FBKMUtKkK2KH/wMSRlCxQ682d08LB9fYXplyY/UXG8P4XXTScmdjApg==}
    engines: {node: ^20.19.0 || ^22.13.0 || >=24.0.0}
    peerDependencies:
      canvas: ^3.0.0
    peerDependenciesMeta:
      canvas:
        optional: true

  lilconfig@3.1.3:
    resolution: {integrity: sha512-/vlFKAoH5Cgt3Ie+JLhRbwOsCQePABiU3tJ1egGvyQ+33R/vcwM2Zl2QR/LzjsBeItPt3oSVXapn+m4nQDvpzw==}
    engines: {node: '>=14'}

  lru-cache@11.2.7:
    resolution: {integrity: sha512-aY/R+aEsRelme17KGQa/1ZSIpLpNYYrhcrepKTZgE+W3WM16YMCaPwOHLHsmopZHELU0Ojin1lPVxKR0MihncA==}
    engines: {node: 20 || >=22}

  mdn-data@2.27.1:
    resolution: {integrity: sha512-9Yubnt3e8A0OKwxYSXyhLymGW4sCufcLG6VdiDdUGVkPhpqLxlvP5vl1983gQjJl3tqbrM731mjaZaP68AgosQ==}

  nanoid@5.1.7:
    resolution: {integrity: sha512-ua3NDgISf6jdwezAheMOk4mbE1LXjm1DfMUDMuJf4AqxLFK3ccGpgWizwa5YV7Yz9EpXwEaWoRXSb/BnV0t5dQ==}
    engines: {node: ^18 || >=20}
    hasBin: true

  nanospinner@1.2.2:
    resolution: {integrity: sha512-Zt/AmG6qRU3e+WnzGGLuMCEAO/dAu45stNbHY223tUxldaDAeE+FxSPsd9Q+j+paejmm0ZbrNVs5Sraqy3dRxA==}

  nanostores@1.2.0:
    resolution: {integrity: sha512-F0wCzbsH80G7XXo0Jd9/AVQC7ouWY6idUCTnMwW5t/Rv9W8qmO6endavDwg7TNp5GbugwSukFMVZqzPSrSMndg==}
    engines: {node: ^20.0.0 || >=22.0.0}

  oxlint-tsgolint@0.18.1:
    resolution: {integrity: sha512-Hgb0wMfuXBYL0ddY+1hAG8IIfC40ADwPnBuUaC6ENAuCtTF4dHwsy7mCYtQ2e7LoGvfoSJRY0+kqQRiembJ/jQ==}
    hasBin: true

  oxlint@1.58.0:
    resolution: {integrity: sha512-t4s9leczDMqlvOSjnbCQe7gtoLkWgBGZ7sBdCJ9EOj5IXFSG/X7OAzK4yuH4iW+4cAYe8kLFbC8tuYMwWZm+Cg==}
    engines: {node: ^20.19.0 || >=22.12.0}
    hasBin: true
    peerDependencies:
      oxlint-tsgolint: '>=0.18.0'
    peerDependenciesMeta:
      oxlint-tsgolint:
        optional: true

  parse5@7.3.0:
    resolution: {integrity: sha512-IInvU7fabl34qmi9gY8XOVxhYyMyuH2xUNpb2q8/Y+7552KlejkRvqvD19nMoUW/uQGGbqNpA6Tufu5FL5BZgw==}

  parse5@8.0.0:
    resolution: {integrity: sha512-9m4m5GSgXjL4AjumKzq1Fgfp3Z8rsvjRNbnkVwfu2ImRqE5D0LnY2QfDen18FSY9C573YU5XxSapdHZTZ2WolA==}

  picocolors@1.1.1:
    resolution: {integrity: sha512-xceH2snhtb5M9liqDsmEw56le376mTZkEX/jEb/RxNFyegNul7eNslCXP9FDj/Lcu0X8KEyMceP2ntpaHrDEVA==}

  picomatch@4.0.4:
    resolution: {integrity: sha512-QP88BAKvMam/3NxH6vj2o21R6MjxZUAd6nlwAS/pnGvN9IVLocLHxGYIzFhg6fUQ+5th6P4dv4eW9jX3DSIj7A==}
    engines: {node: '>=12'}

  punycode@2.3.1:
    resolution: {integrity: sha512-vYt7UD1U9Wg6138shLtLOvdAu+8DsC/ilFtEVHcH+wydcSpNE20AfSOduf6MkRFahL5FY7X1oU7nKVZFtfq8Fg==}
    engines: {node: '>=6'}

  require-from-string@2.0.2:
    resolution: {integrity: sha512-Xf0nWe6RseziFMu+Ap9biiUbmplq6S9/p+7w7YXP/JBHhrUDDUhwa+vANyubuqfZWTveU//DYVGsDG7RKL/vEw==}
    engines: {node: '>=0.10.0'}

  requireindex@1.2.0:
    resolution: {integrity: sha512-L9jEkOi3ASd9PYit2cwRfyppc9NoABujTP8/5gFcbERmo5jUoAKovIC3fsF17pkTnGsrByysqX+Kxd2OTNI1ww==}
    engines: {node: '>=0.10.5'}

  resolve-pkg-maps@1.0.0:
    resolution: {integrity: sha512-seS2Tj26TBVOC2NIc2rOe2y2ZO7efxITtLZcGSOnHHNOQ7CkiUBfw0Iw2ck6xkIhPwLhKNLS8BO+hEpngQlqzw==}

  saxes@6.0.0:
    resolution: {integrity: sha512-xAg7SOnEhrm5zI3puOOKyy1OMcMlIJZYNJY7xLBwSze0UjhPLnWfj2GF2EpT0jmzaJKIWKHLsaSSajf35bcYnA==}
    engines: {node: '>=v12.22.7'}

  semver@7.7.4:
    resolution: {integrity: sha512-vFKC2IEtQnVhpT78h1Yp8wzwrf8CM+MzKMHGJZfBtzhZNycRFnXsHk6E5TxIkkMsgNS7mdX3AGB7x2QM2di4lA==}
    engines: {node: '>=10'}
    hasBin: true

  size-limit@12.0.1:
    resolution: {integrity: sha512-vuFj+6lDOoBJQu6OLhcMQv7jnbXjuoEn4WsQHlSLOV/8EFfOka/tfjtLQ/rZig5Gagi3R0GnU/0kd4EY/y2etg==}
    engines: {node: ^20.0.0 || ^22.0.0 || >=24.0.0}
    hasBin: true
    peerDependencies:
      jiti: ^2.0.0
    peerDependenciesMeta:
      jiti:
        optional: true

  source-map-js@1.2.1:
    resolution: {integrity: sha512-UXWMKhLOwVKb728IUtQPXxfYU+usdybtUrK/8uGE8CQMvrhOpwvzDBwj0QhSL7MQc7vIsISBG8VQ8+IDQxpfQA==}
    engines: {node: '>=0.10.0'}

  strip-ansi@6.0.1:
    resolution: {integrity: sha512-Y38VPSHcqkFrCpFnQ9vuSXmquuv5oXOKpGeT6aGrr3o3Gc9AlVa6JBfUSOCnbxGGZF+/0ooI7KrPuUSztUdU5A==}
    engines: {node: '>=8'}

  symbol-tree@3.2.4:
    resolution: {integrity: sha512-9QNk5KwDF+Bvz+PyObkmSYjI5ksVUYtjW7AU22r2NKcfLJcXp96hkDWU3+XndOsUb+AQ9QhfzfCT2O+CNWT5Tw==}

  tinyexec@1.0.4:
    resolution: {integrity: sha512-u9r3uZC0bdpGOXtlxUIdwf9pkmvhqJdrVCH9fapQtgy/OeTTMZ1nqH7agtvEfmGui6e1XxjcdrlxvxJvc3sMqw==}
    engines: {node: '>=18'}

  tinyglobby@0.2.15:
    resolution: {integrity: sha512-j2Zq4NyQYG5XMST4cbs02Ak8iJUdxRM0XI5QyxXuZOzKOINmWurp3smXu3y5wDcJrptwpSjgXHzIQxR0omXljQ==}
    engines: {node: '>=12.0.0'}

  tldts-core@7.0.27:
    resolution: {integrity: sha512-YQ7uPjgWUibIK6DW5lrKujGwUKhLevU4hcGbP5O6TcIUb+oTjJYJVWPS4nZsIHrEEEG6myk/oqAJUEQmpZrHsg==}

  tldts@7.0.27:
    resolution: {integrity: sha512-I4FZcVFcqCRuT0ph6dCDpPuO4Xgzvh+spkcTr1gK7peIvxWauoloVO0vuy1FQnijT63ss6AsHB6+OIM4aXHbPg==}
    hasBin: true

  tough-cookie@6.0.1:
    resolution: {integrity: sha512-LktZQb3IeoUWB9lqR5EWTHgW/VTITCXg4D21M+lvybRVdylLrRMnqaIONLVb5mav8vM19m44HIcGq4qASeu2Qw==}
    engines: {node: '>=16'}

  tr46@6.0.0:
    resolution: {integrity: sha512-bLVMLPtstlZ4iMQHpFHTR7GAGj2jxi8Dg0s2h2MafAE4uSWF98FC/3MomU51iQAMf8/qDUbKWf5GxuvvVcXEhw==}
    engines: {node: '>=20'}

  tsx@4.21.0:
    resolution: {integrity: sha512-5C1sg4USs1lfG0GFb2RLXsdpXqBSEhAaA/0kPL01wxzpMqLILNxIxIOKiILz+cdg/pLnOUxFYOR5yhHU666wbw==}
    engines: {node: '>=18.0.0'}
    hasBin: true

  typescript@6.0.2:
    resolution: {integrity: sha512-bGdAIrZ0wiGDo5l8c++HWtbaNCWTS4UTv7RaTH/ThVIgjkveJt83m74bBHMJkuCbslY8ixgLBVZJIOiQlQTjfQ==}
    engines: {node: '>=14.17'}
    hasBin: true

  undici-types@7.18.2:
    resolution: {integrity: sha512-AsuCzffGHJybSaRrmr5eHr81mwJU3kjw6M+uprWvCXiNeN9SOGwQ3Jn8jb8m3Z6izVgknn1R0FTCEAP2QrLY/w==}

  undici-types@7.24.6:
    resolution: {integrity: sha512-WRNW+sJgj5OBN4/0JpHFqtqzhpbnV0GuB+OozA9gCL7a993SmU+1JBZCzLNxYsbMfIeDL+lTsphD5jN5N+n0zg==}

  undici@7.24.6:
    resolution: {integrity: sha512-Xi4agocCbRzt0yYMZGMA6ApD7gvtUFaxm4ZmeacWI4cZxaF6C+8I8QfofC20NAePiB/IcvZmzkJ7XPa471AEtA==}
    engines: {node: '>=20.18.1'}

  w3c-xmlserializer@5.0.0:
    resolution: {integrity: sha512-o8qghlI8NZHU1lLPrpi2+Uq7abh4GGPpYANlalzWxyWteJOCsr/P+oPBA49TOLu5FTZO4d3F9MnWJfiMo4BkmA==}
    engines: {node: '>=18'}

  webidl-conversions@8.0.1:
    resolution: {integrity: sha512-BMhLD/Sw+GbJC21C/UgyaZX41nPt8bUTg+jWyDeg7e7YN4xOM05YPSIXceACnXVtqyEw/LMClUQMtMZ+PGGpqQ==}
    engines: {node: '>=20'}

  whatwg-mimetype@5.0.0:
    resolution: {integrity: sha512-sXcNcHOC51uPGF0P/D4NVtrkjSU2fNsm9iog4ZvZJsL3rjoDAzXZhkm2MWt1y+PUdggKAYVoMAIYcs78wJ51Cw==}
    engines: {node: '>=20'}

  whatwg-url@16.0.1:
    resolution: {integrity: sha512-1to4zXBxmXHV3IiSSEInrreIlu02vUOvrhxJJH5vcxYTBDAx51cqZiKdyTxlecdKNSjj8EcxGBxNf6Vg+945gw==}
    engines: {node: ^20.19.0 || ^22.12.0 || >=24.0.0}

  xml-name-validator@5.0.0:
    resolution: {integrity: sha512-EvGK8EJ3DhaHfbRlETOWAS5pO9MZITeauHKJyb8wyajUfQUenkIg2MvLDTZ4T/TgIcm3HU0TFBgWWboAZ30UHg==}
    engines: {node: '>=18'}

  xmlchars@2.2.0:
    resolution: {integrity: sha512-JZnDKK8B0RCDw84FNdDAIpZK+JuJw+s7Lz8nksI7SIuU3UXJJslUthsi+uWBUYOwPFwW7W7PRLRfUKpxjtjFCw==}

  yaml@2.8.3:
    resolution: {integrity: sha512-AvbaCLOO2Otw/lW5bmh9d/WEdcDFdQp2Z2ZUH3pX9U2ihyUY0nvLv7J6TrWowklRGPYbB/IuIMfYgxaCPg5Bpg==}
    engines: {node: '>= 14.6'}
    hasBin: true

snapshots:

  '@asamuzakjp/css-color@5.1.1':
    dependencies:
      '@csstools/css-calc': 3.1.1(@csstools/css-parser-algorithms@4.0.0(@csstools/css-tokenizer@4.0.0))(@csstools/css-tokenizer@4.0.0)
      '@csstools/css-color-parser': 4.0.2(@csstools/css-parser-algorithms@4.0.0(@csstools/css-tokenizer@4.0.0))(@csstools/css-tokenizer@4.0.0)
      '@csstools/css-parser-algorithms': 4.0.0(@csstools/css-tokenizer@4.0.0)
      '@csstools/css-tokenizer': 4.0.0
      lru-cache: 11.2.7

  '@asamuzakjp/dom-selector@7.0.4':
    dependencies:
      '@asamuzakjp/nwsapi': 2.3.9
      bidi-js: 1.0.3
      css-tree: 3.2.1
      is-potential-custom-element-name: 1.0.1
      lru-cache: 11.2.7

  '@asamuzakjp/nwsapi@2.3.9': {}

  '@bramus/specificity@2.4.2':
    dependencies:
      css-tree: 3.2.1

  '@csstools/color-helpers@6.0.2': {}

  '@csstools/css-calc@3.1.1(@csstools/css-parser-algorithms@4.0.0(@csstools/css-tokenizer@4.0.0))(@csstools/css-tokenizer@4.0.0)':
    dependencies:
      '@csstools/css-parser-algorithms': 4.0.0(@csstools/css-tokenizer@4.0.0)
      '@csstools/css-tokenizer': 4.0.0

  '@csstools/css-color-parser@4.0.2(@csstools/css-parser-algorithms@4.0.0(@csstools/css-tokenizer@4.0.0))(@csstools/css-tokenizer@4.0.0)':
    dependencies:
      '@csstools/color-helpers': 6.0.2
      '@csstools/css-calc': 3.1.1(@csstools/css-parser-algorithms@4.0.0(@csstools/css-tokenizer@4.0.0))(@csstools/css-tokenizer@4.0.0)
      '@csstools/css-parser-algorithms': 4.0.0(@csstools/css-tokenizer@4.0.0)
      '@csstools/css-tokenizer': 4.0.0

  '@csstools/css-parser-algorithms@4.0.0(@csstools/css-tokenizer@4.0.0)':
    dependencies:
      '@csstools/css-tokenizer': 4.0.0

  '@csstools/css-syntax-patches-for-csstree@1.1.2(css-tree@3.2.1)':
    optionalDependencies:
      css-tree: 3.2.1

  '@csstools/css-tokenizer@4.0.0': {}

  '@esbuild/aix-ppc64@0.27.4':
    optional: true

  '@esbuild/android-arm64@0.27.4':
    optional: true

  '@esbuild/android-arm@0.27.4':
    optional: true

  '@esbuild/android-x64@0.27.4':
    optional: true

  '@esbuild/darwin-arm64@0.27.4':
    optional: true

  '@esbuild/darwin-x64@0.27.4':
    optional: true

  '@esbuild/freebsd-arm64@0.27.4':
    optional: true

  '@esbuild/freebsd-x64@0.27.4':
    optional: true

  '@esbuild/linux-arm64@0.27.4':
    optional: true

  '@esbuild/linux-arm@0.27.4':
    optional: true

  '@esbuild/linux-ia32@0.27.4':
    optional: true

  '@esbuild/linux-loong64@0.27.4':
    optional: true

  '@esbuild/linux-mips64el@0.27.4':
    optional: true

  '@esbuild/linux-ppc64@0.27.4':
    optional: true

  '@esbuild/linux-riscv64@0.27.4':
    optional: true

  '@esbuild/linux-s390x@0.27.4':
    optional: true

  '@esbuild/linux-x64@0.27.4':
    optional: true

  '@esbuild/netbsd-arm64@0.27.4':
    optional: true

  '@esbuild/netbsd-x64@0.27.4':
    optional: true

  '@esbuild/openbsd-arm64@0.27.4':
    optional: true

  '@esbuild/openbsd-x64@0.27.4':
    optional: true

  '@esbuild/openharmony-arm64@0.27.4':
    optional: true

  '@esbuild/sunos-x64@0.27.4':
    optional: true

  '@esbuild/win32-arm64@0.27.4':
    optional: true

  '@esbuild/win32-ia32@0.27.4':
    optional: true

  '@esbuild/win32-x64@0.27.4':
    optional: true

  '@exodus/bytes@1.15.0': {}

  '@logux/oxc-configs@0.2.2(oxlint-tsgolint@0.18.1)(oxlint@1.58.0(oxlint-tsgolint@0.18.1))(typescript@6.0.2)':
    dependencies:
      eslint-plugin-prefer-let: 4.2.2
      oxlint: 1.58.0(oxlint-tsgolint@0.18.1)
      oxlint-tsgolint: 0.18.1
      typescript: 6.0.2

  '@oxlint-tsgolint/darwin-arm64@0.18.1':
    optional: true

  '@oxlint-tsgolint/darwin-x64@0.18.1':
    optional: true

  '@oxlint-tsgolint/linux-arm64@0.18.1':
    optional: true

  '@oxlint-tsgolint/linux-x64@0.18.1':
    optional: true

  '@oxlint-tsgolint/win32-arm64@0.18.1':
    optional: true

  '@oxlint-tsgolint/win32-x64@0.18.1':
    optional: true

  '@oxlint/binding-android-arm-eabi@1.58.0':
    optional: true

  '@oxlint/binding-android-arm64@1.58.0':
    optional: true

  '@oxlint/binding-darwin-arm64@1.58.0':
    optional: true

  '@oxlint/binding-darwin-x64@1.58.0':
    optional: true

  '@oxlint/binding-freebsd-x64@1.58.0':
    optional: true

  '@oxlint/binding-linux-arm-gnueabihf@1.58.0':
    optional: true

  '@oxlint/binding-linux-arm-musleabihf@1.58.0':
    optional: true

  '@oxlint/binding-linux-arm64-gnu@1.58.0':
    optional: true

  '@oxlint/binding-linux-arm64-musl@1.58.0':
    optional: true

  '@oxlint/binding-linux-ppc64-gnu@1.58.0':
    optional: true

  '@oxlint/binding-linux-riscv64-gnu@1.58.0':
    optional: true

  '@oxlint/binding-linux-riscv64-musl@1.58.0':
    optional: true

  '@oxlint/binding-linux-s390x-gnu@1.58.0':
    optional: true

  '@oxlint/binding-linux-x64-gnu@1.58.0':
    optional: true

  '@oxlint/binding-linux-x64-musl@1.58.0':
    optional: true

  '@oxlint/binding-openharmony-arm64@1.58.0':
    optional: true

  '@oxlint/binding-win32-arm64-msvc@1.58.0':
    optional: true

  '@oxlint/binding-win32-ia32-msvc@1.58.0':
    optional: true

  '@oxlint/binding-win32-x64-msvc@1.58.0':
    optional: true

  '@size-limit/esbuild@12.0.1(size-limit@12.0.1(jiti@2.4.2))':
    dependencies:
      esbuild: 0.27.4
      nanoid: 5.1.7
      size-limit: 12.0.1(jiti@2.4.2)

  '@size-limit/file@12.0.1(size-limit@12.0.1(jiti@2.4.2))':
    dependencies:
      size-limit: 12.0.1(jiti@2.4.2)

  '@size-limit/preset-small-lib@12.0.1(size-limit@12.0.1(jiti@2.4.2))':
    dependencies:
      '@size-limit/esbuild': 12.0.1(size-limit@12.0.1(jiti@2.4.2))
      '@size-limit/file': 12.0.1(size-limit@12.0.1(jiti@2.4.2))
      size-limit: 12.0.1(jiti@2.4.2)

  '@types/jsdom@28.0.1':
    dependencies:
      '@types/node': 25.5.0
      '@types/tough-cookie': 4.0.5
      parse5: 7.3.0
      undici-types: 7.24.6

  '@types/node@25.5.0':
    dependencies:
      undici-types: 7.18.2

  '@types/tough-cookie@4.0.5': {}

  actions-up@1.12.0:
    dependencies:
      cac: 6.7.14
      enquirer: 2.4.1
      nanospinner: 1.2.2
      picocolors: 1.1.1
      semver: 7.7.4
      yaml: 2.8.3

  ansi-colors@4.1.3: {}

  ansi-regex@5.0.1: {}

  better-node-test@0.8.4: {}

  bidi-js@1.0.3:
    dependencies:
      require-from-string: 2.0.2

  bytes-iec@3.1.1: {}

  cac@6.7.14: {}

  check-dts@1.0.0(typescript@6.0.2):
    dependencies:
      nanospinner: 1.2.2
      picocolors: 1.1.1
      tinyglobby: 0.2.15
      typescript: 6.0.2

  clean-publish@6.0.5:
    dependencies:
      lilconfig: 3.1.3
      picomatch: 4.0.4
      tinyexec: 1.0.4
      tinyglobby: 0.2.15

  css-tree@3.2.1:
    dependencies:
      mdn-data: 2.27.1
      source-map-js: 1.2.1

  data-urls@7.0.0:
    dependencies:
      whatwg-mimetype: 5.0.0
      whatwg-url: 16.0.1
    transitivePeerDependencies:
      - '@noble/hashes'

  decimal.js@10.6.0: {}

  enquirer@2.4.1:
    dependencies:
      ansi-colors: 4.1.3
      strip-ansi: 6.0.1

  entities@6.0.1: {}

  esbuild@0.27.4:
    optionalDependencies:
      '@esbuild/aix-ppc64': 0.27.4
      '@esbuild/android-arm': 0.27.4
      '@esbuild/android-arm64': 0.27.4
      '@esbuild/android-x64': 0.27.4
      '@esbuild/darwin-arm64': 0.27.4
      '@esbuild/darwin-x64': 0.27.4
      '@esbuild/freebsd-arm64': 0.27.4
      '@esbuild/freebsd-x64': 0.27.4
      '@esbuild/linux-arm': 0.27.4
      '@esbuild/linux-arm64': 0.27.4
      '@esbuild/linux-ia32': 0.27.4
      '@esbuild/linux-loong64': 0.27.4
      '@esbuild/linux-mips64el': 0.27.4
      '@esbuild/linux-ppc64': 0.27.4
      '@esbuild/linux-riscv64': 0.27.4
      '@esbuild/linux-s390x': 0.27.4
      '@esbuild/linux-x64': 0.27.4
      '@esbuild/netbsd-arm64': 0.27.4
      '@esbuild/netbsd-x64': 0.27.4
      '@esbuild/openbsd-arm64': 0.27.4
      '@esbuild/openbsd-x64': 0.27.4
      '@esbuild/openharmony-arm64': 0.27.4
      '@esbuild/sunos-x64': 0.27.4
      '@esbuild/win32-arm64': 0.27.4
      '@esbuild/win32-ia32': 0.27.4
      '@esbuild/win32-x64': 0.27.4

  eslint-plugin-prefer-let@4.2.2:
    dependencies:
      requireindex: 1.2.0

  fdir@6.5.0(picomatch@4.0.4):
    optionalDependencies:
      picomatch: 4.0.4

  fsevents@2.3.3:
    optional: true

  get-tsconfig@4.13.7:
    dependencies:
      resolve-pkg-maps: 1.0.0

  html-encoding-sniffer@6.0.0:
    dependencies:
      '@exodus/bytes': 1.15.0
    transitivePeerDependencies:
      - '@noble/hashes'

  is-potential-custom-element-name@1.0.1: {}

  jiti@2.4.2:
    optional: true

  jsdom@29.0.1:
    dependencies:
      '@asamuzakjp/css-color': 5.1.1
      '@asamuzakjp/dom-selector': 7.0.4
      '@bramus/specificity': 2.4.2
      '@csstools/css-syntax-patches-for-csstree': 1.1.2(css-tree@3.2.1)
      '@exodus/bytes': 1.15.0
      css-tree: 3.2.1
      data-urls: 7.0.0
      decimal.js: 10.6.0
      html-encoding-sniffer: 6.0.0
      is-potential-custom-element-name: 1.0.1
      lru-cache: 11.2.7
      parse5: 8.0.0
      saxes: 6.0.0
      symbol-tree: 3.2.4
      tough-cookie: 6.0.1
      undici: 7.24.6
      w3c-xmlserializer: 5.0.0
      webidl-conversions: 8.0.1
      whatwg-mimetype: 5.0.0
      whatwg-url: 16.0.1
      xml-name-validator: 5.0.0
    transitivePeerDependencies:
      - '@noble/hashes'

  lilconfig@3.1.3: {}

  lru-cache@11.2.7: {}

  mdn-data@2.27.1: {}

  nanoid@5.1.7: {}

  nanospinner@1.2.2:
    dependencies:
      picocolors: 1.1.1

  nanostores@1.2.0: {}

  oxlint-tsgolint@0.18.1:
    optionalDependencies:
      '@oxlint-tsgolint/darwin-arm64': 0.18.1
      '@oxlint-tsgolint/darwin-x64': 0.18.1
      '@oxlint-tsgolint/linux-arm64': 0.18.1
      '@oxlint-tsgolint/linux-x64': 0.18.1
      '@oxlint-tsgolint/win32-arm64': 0.18.1
      '@oxlint-tsgolint/win32-x64': 0.18.1

  oxlint@1.58.0(oxlint-tsgolint@0.18.1):
    optionalDependencies:
      '@oxlint/binding-android-arm-eabi': 1.58.0
      '@oxlint/binding-android-arm64': 1.58.0
      '@oxlint/binding-darwin-arm64': 1.58.0
      '@oxlint/binding-darwin-x64': 1.58.0
      '@oxlint/binding-freebsd-x64': 1.58.0
      '@oxlint/binding-linux-arm-gnueabihf': 1.58.0
      '@oxlint/binding-linux-arm-musleabihf': 1.58.0
      '@oxlint/binding-linux-arm64-gnu': 1.58.0
      '@oxlint/binding-linux-arm64-musl': 1.58.0
      '@oxlint/binding-linux-ppc64-gnu': 1.58.0
      '@oxlint/binding-linux-riscv64-gnu': 1.58.0
      '@oxlint/binding-linux-riscv64-musl': 1.58.0
      '@oxlint/binding-linux-s390x-gnu': 1.58.0
      '@oxlint/binding-linux-x64-gnu': 1.58.0
      '@oxlint/binding-linux-x64-musl': 1.58.0
      '@oxlint/binding-openharmony-arm64': 1.58.0
      '@oxlint/binding-win32-arm64-msvc': 1.58.0
      '@oxlint/binding-win32-ia32-msvc': 1.58.0
      '@oxlint/binding-win32-x64-msvc': 1.58.0
      oxlint-tsgolint: 0.18.1

  parse5@7.3.0:
    dependencies:
      entities: 6.0.1

  parse5@8.0.0:
    dependencies:
      entities: 6.0.1

  picocolors@1.1.1: {}

  picomatch@4.0.4: {}

  punycode@2.3.1: {}

  require-from-string@2.0.2: {}

  requireindex@1.2.0: {}

  resolve-pkg-maps@1.0.0: {}

  saxes@6.0.0:
    dependencies:
      xmlchars: 2.2.0

  semver@7.7.4: {}

  size-limit@12.0.1(jiti@2.4.2):
    dependencies:
      bytes-iec: 3.1.1
      lilconfig: 3.1.3
      nanospinner: 1.2.2
      picocolors: 1.1.1
      tinyglobby: 0.2.15
    optionalDependencies:
      jiti: 2.4.2

  source-map-js@1.2.1: {}

  strip-ansi@6.0.1:
    dependencies:
      ansi-regex: 5.0.1

  symbol-tree@3.2.4: {}

  tinyexec@1.0.4: {}

  tinyglobby@0.2.15:
    dependencies:
      fdir: 6.5.0(picomatch@4.0.4)
      picomatch: 4.0.4

  tldts-core@7.0.27: {}

  tldts@7.0.27:
    dependencies:
      tldts-core: 7.0.27

  tough-cookie@6.0.1:
    dependencies:
      tldts: 7.0.27

  tr46@6.0.0:
    dependencies:
      punycode: 2.3.1

  tsx@4.21.0:
    dependencies:
      esbuild: 0.27.4
      get-tsconfig: 4.13.7
    optionalDependencies:
      fsevents: 2.3.3

  typescript@6.0.2: {}

  undici-types@7.18.2: {}

  undici-types@7.24.6: {}

  undici@7.24.6: {}

  w3c-xmlserializer@5.0.0:
    dependencies:
      xml-name-validator: 5.0.0

  webidl-conversions@8.0.1: {}

  whatwg-mimetype@5.0.0: {}

  whatwg-url@16.0.1:
    dependencies:
      '@exodus/bytes': 1.15.0
      tr46: 6.0.0
      webidl-conversions: 8.0.1
    transitivePeerDependencies:
      - '@noble/hashes'

  xml-name-validator@5.0.0: {}

  xmlchars@2.2.0: {}

  yaml@2.8.3: {}
